
Microsoft Visual Studio Solution File, Format Version 12.00
Project("{FAE04EC0-301F-11D3-BF4B-00C04F79EFBC}") = "Prototype", "Prototype\Prototype.csproj", "{3278D3D7-1AEC-4014-B3C1-2C23A4662404}"
EndProject
Global
	GlobalSection(SolutionConfigurationPlatforms) = preSolution
		Debug|Any CPU = Debug|Any CPU
		Release|Any CPU = Release|Any CPU
	EndGlobalSection
	GlobalSection(ProjectConfigurationPlatforms) = postSolution
		{3278D3D7-1AEC-4014-B3C1-2C23A4662404}.Debug|Any CPU.ActiveCfg = Debug|Any CPU
		{3278D3D7-1AEC-4014-B3C1-2C23A4662404}.Debug|Any CPU.Build.0 = Debug|Any CPU
		{3278D3D7-1AEC-4014-B3C1-2C23A4662404}.Release|Any CPU.ActiveCfg = Release|Any CPU
		{3278D3D7-1AEC-4014-B3C1-2C23A4662404}.Release|Any CPU.Build.0 = Release|Any CPU
	EndGlobalSection
EndGlobal
